github.com/itchyny/gojq v0.12.12 h1:x+xGI9BXqKoJQZkr95ibpe3cdrTbY8D9lonrK433rcA=
github.com/itchyny/gojq v0.12.12/go.mod h1:j+3sVkjxwd7A7Z5jrbKibgOLn0ZfLWkV+Awxr/pyzJE=
github.com/itchyny/timefmt-go v0.1.5 h1:G0INE2la8S6ru/ZI5JecgyzbbJNs5lG1RcBqa7Jm6GE=
github.com/itchyny/timefmt-go v0.1.5/go.mod h1:nEP7L+2YmAbT2kZ2HfSs1d8Xtw9LY8D2stDBckWakZ8=
